
Microsoft Visual Studio Solution File, Format Version 12.00
# Visual Studio Version 17
VisualStudioVersion = 17.5.002.0
MinimumVisualStudioVersion = 10.0.40219.1
Project("{9A19103F-16F7-4668-BE54-9A1E7A4F7556}") = "ExmeploListas", "ExmeploListas.csproj", "{50CAE45C-3717-4B19-B431-F46CDE88B795}"
EndProject
Global
	GlobalSection(SolutionConfigurationPlatforms) = preSolution
		Debug|Any CPU = Debug|Any CPU
		Release|Any CPU = Release|Any CPU
	EndGlobalSection
	GlobalSection(ProjectConfigurationPlatforms) = postSolution
		{50CAE45C-3717-4B19-B431-F46CDE88B795}.Debug|Any CPU.ActiveCfg = Debug|Any CPU
		{50CAE45C-3717-4B19-B431-F46CDE88B795}.Debug|Any CPU.Build.0 = Debug|Any CPU
		{50CAE45C-3717-4B19-B431-F46CDE88B795}.Release|Any CPU.ActiveCfg = Release|Any CPU
		{50CAE45C-3717-4B19-B431-F46CDE88B795}.Release|Any CPU.Build.0 = Release|Any CPU
	EndGlobalSection
	GlobalSection(SolutionProperties) = preSolution
		HideSolutionNode = FALSE
	EndGlobalSection
	GlobalSection(ExtensibilityGlobals) = postSolution
		SolutionGuid = {69AB747F-3D9E-4277-9D29-5D9CA5E78DA9}
	EndGlobalSection
EndGlobal
